<?xml version="1.0" encoding="utf-8"?>
<Project ToolsVersion="4.0" xmlns="http://schemas.microsoft.com/developer/msbuild/2003">
  <ItemGroup>
    <Filter Include="Source Files">
      <UniqueIdentifier>{4FC737F1-C7A5-4376-A066-2A32D752A2FF}</UniqueIdentifier>
      <Extensions>cpp;c;cc;cxx;c++;cppm;ixx;def;odl;idl;hpj;bat;asm;asmx</Extensions>
    </Filter>
    <Filter Include="Header Files">
      <UniqueIdentifier>{93995380-89BD-4b04-88EB-625FBE52EBFB}</UniqueIdentifier>
      <Extensions>h;hh;hpp;hxx;h++;hm;inl;inc;ipp;xsd</Extensions>
    </Filter>
    <Filter Include="Resource Files">
      <UniqueIdentifier>{67DA6AB6-F800-4c08-8B7A-83BB121AAD01}</UniqueIdentifier>
      <Extensions>rc;ico;cur;bmp;dlg;rc2;rct;bin;rgs;gif;jpg;jpeg;jpe;resx;tiff;tif;png;wav;mfcribbon-ms</Extensions>
    </Filter>
    <Filter Include="Header Files\FSM">
      <UniqueIdentifier>{6e1e7c8d-a660-4d10-98b1-e96baae43fed}</UniqueIdentifier>
    </Filter>
    <Filter Include="Source Files\FSM">
      <UniqueIdentifier>{99b9cc49-00a0-4d95-bd31-d45aa8ea68f8}</UniqueIdentifier>
    </Filter>
    <Filter Include="Source Files\GO">
      <UniqueIdentifier>{daa46840-b544-4d9d-9427-404f56852323}</UniqueIdentifier>
    </Filter>
    <Filter Include="Header Files\GO">
      <UniqueIdentifier>{6054cada-88ee-4bd1-976f-29c3731d674c}</UniqueIdentifier>
    </Filter>
  </ItemGroup>
  <ItemGroup>
    <ClInclude Include="include\Game.h">
      <Filter>Header Files</Filter>
    </ClInclude>
    <ClInclude Include="include\Globals.h">
      <Filter>Header Files</Filter>
    </ClInclude>
    <ClInclude Include="include\Input.h">
      <Filter>Header Files\FSM</Filter>
    </ClInclude>
    <ClInclude Include="include\Command.h">
      <Filter>Header Files\FSM</Filter>
    </ClInclude>
    <ClInclude Include="include\events.h">
      <Filter>Header Files\FSM</Filter>
    </ClInclude>
    <ClInclude Include="include\State.h">
      <Filter>Header Files\FSM</Filter>
    </ClInclude>
    <ClInclude Include="include\Player.h">
      <Filter>Header Files\GO</Filter>
    </ClInclude>
    <ClInclude Include="include\Bullet.h">
      <Filter>Header Files\GO</Filter>
    </ClInclude>
    <ClInclude Include="include\Enemy.h">
      <Filter>Header Files\GO</Filter>
    </ClInclude>
    <ClInclude Include="include\gameobject.h">
      <Filter>Header Files\GO</Filter>
    </ClInclude>
    <ClInclude Include="include\ConcreteCommands.h">
      <Filter>Header Files\FSM</Filter>
    </ClInclude>
    <ClInclude Include="include\IdleState.h">
      <Filter>Header Files\FSM</Filter>
    </ClInclude>
    <ClInclude Include="include\MovingUpState.h">
      <Filter>Header Files\FSM</Filter>
    </ClInclude>
    <ClInclude Include="include\MovingDownState.h">
      <Filter>Header Files\FSM</Filter>
    </ClInclude>
    <ClInclude Include="include\MovingLeftState.h">
      <Filter>Header Files\FSM</Filter>
    </ClInclude>
    <ClInclude Include="include\MovingRightState.h">
      <Filter>Header Files\FSM</Filter>
    </ClInclude>
    <ClInclude Include="include\Mushroom.h">
      <Filter>Header Files\GO</Filter>
    </ClInclude>
    <ClInclude Include="include\DamageState.h">
      <Filter>Header Files\FSM</Filter>
    </ClInclude>
  </ItemGroup>
  <ItemGroup>
    <ClCompile Include="src\Game.cpp">
      <Filter>Source Files</Filter>
    </ClCompile>
    <ClCompile Include="src\main.cpp">
      <Filter>Source Files</Filter>
    </ClCompile>
    <ClCompile Include="src\Command.cpp">
      <Filter>Source Files\FSM</Filter>
    </ClCompile>
    <ClCompile Include="src\Input.cpp">
      <Filter>Source Files\FSM</Filter>
    </ClCompile>
    <ClCompile Include="src\State.cpp">
      <Filter>Source Files\FSM</Filter>
    </ClCompile>
    <ClCompile Include="src\Bullet.cpp">
      <Filter>Source Files\GO</Filter>
    </ClCompile>
    <ClCompile Include="src\Enemy.cpp">
      <Filter>Source Files\GO</Filter>
    </ClCompile>
    <ClCompile Include="src\gameobject.cpp">
      <Filter>Source Files\GO</Filter>
    </ClCompile>
    <ClCompile Include="src\Player.cpp">
      <Filter>Source Files\GO</Filter>
    </ClCompile>
    <ClCompile Include="src\IdleState.cpp">
      <Filter>Source Files\FSM</Filter>
    </ClCompile>
    <ClCompile Include="src\MovingUpState.cpp">
      <Filter>Source Files\FSM</Filter>
    </ClCompile>
    <ClCompile Include="src\MovingLeftState.cpp">
      <Filter>Source Files\FSM</Filter>
    </ClCompile>
    <ClCompile Include="src\MovingRightState.cpp">
      <Filter>Source Files\FSM</Filter>
    </ClCompile>
    <ClCompile Include="src\MovingDownState.cpp">
      <Filter>Source Files\FSM</Filter>
    </ClCompile>
    <ClCompile Include="src\Mushroom.cpp">
      <Filter>Source Files\GO</Filter>
    </ClCompile>
    <ClCompile Include="src\DamageState.cpp">
      <Filter>Source Files\FSM</Filter>
    </ClCompile>
  </ItemGroup>
</Project>